// !$*UTF8*$!
{
	archiveVersion = 1;
	classes = {
	};
	objectVersion = 46;
	objects = {

/* Begin PBXBuildFile section */
		63886FF1155249AF003A0D30 /* UIKit.framework in Frameworks */ = {isa = PBXBuildFile; fileRef = 63886FF0155249AF003A0D30 /* UIKit.framework */; };
		63886FF3155249AF003A0D30 /* Foundation.framework in Frameworks */ = {isa = PBXBuildFile; fileRef = 63886FF2155249AF003A0D30 /* Foundation.framework */; };
		63886FF5155249AF003A0D30 /* CoreGraphics.framework in Frameworks */ = {isa = PBXBuildFile; fileRef = 63886FF4155249AF003A0D30 /* CoreGraphics.framework */; };
		63886FFB155249AF003A0D30 /* InfoPlist.strings in Resources */ = {isa = PBXBuildFile; fileRef = 63886FF9155249AF003A0D30 /* InfoPlist.strings */; };
		63886FFD155249AF003A0D30 /* main.m in Sources */ = {isa = PBXBuildFile; fileRef = 63886FFC155249AF003A0D30 /* main.m */; };
		63887001155249AF003A0D30 /* Hello_WorldAppDelegate.m in Sources */ = {isa = PBXBuildFile; fileRef = 63887000155249AF003A0D30 /* Hello_WorldAppDelegate.m */; };
		63887004155249AF003A0D30 /* MainStoryboard.storyboard in Resources */ = {isa = PBXBuildFile; fileRef = 63887002155249AF003A0D30 /* MainStoryboard.storyboard */; };
		63887007155249AF003A0D30 /* Hello_WorldViewController.m in Sources */ = {isa = PBXBuildFile; fileRef = 63887006155249AF003A0D30 /* Hello_WorldViewController.m */; };
/* End PBXBuildFile section */

/* Begin PBXFileReference section */
		63886FEC155249AF003A0D30 /* Hello World.app */ = {isa = PBXFileReference; explicitFileType = wrapper.application; includeInIndex = 0; path = "Hello World.app"; sourceTree = BUILT_PRODUCTS_DIR; };
		63886FF0155249AF003A0D30 /* UIKit.framework */ = {isa = PBXFileReference; lastKnownFileType = wrapper.framework; name = UIKit.framework; path = System/Library/Frameworks/UIKit.framework; sourceTree = SDKROOT; };
		63886FF2155249AF003A0D30 /* Foundation.framework */ = {isa = PBXFileReference; lastKnownFileType = wrapper.framework; name = Foundation.framework; path = System/Library/Frameworks/Foundation.framework; sourceTree = SDKROOT; };
		63886FF4155249AF003A0D30 /* CoreGraphics.framework */ = {isa = PBXFileReference; lastKnownFileType = wrapper.framework; name = CoreGraphics.framework; path = System/Library/Frameworks/CoreGraphics.framework; sourceTree = SDKROOT; };
		63886FF8155249AF003A0D30 /* Hello World-Info.plist */ = {isa = PBXFileReference; lastKnownFileType = text.plist.xml; path = "Hello World-Info.plist"; sourceTree = "<group>"; };
		63886FFA155249AF003A0D30 /* en */ = {isa = PBXFileReference; lastKnownFileType = text.plist.strings; name = en; path = en.lproj/InfoPlist.strings; sourceTree = "<group>"; };
		63886FFC155249AF003A0D30 /* main.m */ = {isa = PBXFileReference; lastKnownFileType = sourcecode.c.objc; path = main.m; sourceTree = "<group>"; };
		63886FFE155249AF003A0D30 /* Hello World-Prefix.pch */ = {isa = PBXFileReference; lastKnownFileType = sourcecode.c.h; path = "Hello World-Prefix.pch"; sourceTree = "<group>"; };
		63886FFF155249AF003A0D30 /* Hello_WorldAppDelegate.h */ = {isa = PBXFileReference; lastKnownFileType = sourcecode.c.h; path = Hello_WorldAppDelegate.h; sourceTree = "<group>"; };
		63887000155249AF003A0D30 /* Hello_WorldAppDelegate.m */ = {isa = PBXFileReference; lastKnownFileType = sourcecode.c.objc; path = Hello_WorldAppDelegate.m; sourceTree = "<group>"; };
		63887003155249AF003A0D30 /* en */ = {isa = PBXFileReference; lastKnownFileType = file.storyboard; name = en; path = en.lproj/MainStoryboard.storyboard; sourceTree = "<group>"; };
		63887005155249AF003A0D30 /* Hello_WorldViewController.h */ = {isa = PBXFileReference; lastKnownFileType = sourcecode.c.h; path = Hello_WorldViewController.h; sourceTree = "<group>"; };
		63887006155249AF003A0D30 /* Hello_WorldViewController.m */ = {isa = PBXFileReference; lastKnownFileType = sourcecode.c.objc; path = Hello_WorldViewController.m; sourceTree = "<group>"; };
/* End PBXFileReference section */

/* Begin PBXFrameworksBuildPhase section */
		63886FE9155249AE003A0D30 /* Frameworks */ = {
			isa = PBXFrameworksBuildPhase;
			buildActionMask = 2147483647;
			files = (
				63886FF1155249AF003A0D30 /* UIKit.framework in Frameworks */,
				63886FF3155249AF003A0D30 /* Foundation.framework in Frameworks */,
				63886FF5155249AF003A0D30 /* CoreGraphics.framework in Frameworks */,
			);
			runOnlyForDeploymentPostprocessing = 0;
		};
/* End PBXFrameworksBuildPhase section */

/* Begin PBXGroup section */
		63886FE1155249AE003A0D30 = {
			isa = PBXGroup;
			children = (
				63886FF6155249AF003A0D30 /* Hello World */,
				63886FEF155249AF003A0D30 /* Frameworks */,
				63886FED155249AF003A0D30 /* Products */,
			);
			sourceTree = "<group>";
		};
		63886FED155249AF003A0D30 /* Products */ = {
			isa = PBXGroup;
			children = (
				63886FEC155249AF003A0D30 /* Hello World.app */,
			);
			name = Products;
			sourceTree = "<group>";
		};
		63886FEF155249AF003A0D30 /* Frameworks */ = {
			isa = PBXGroup;
			children = (
				63886FF0155249AF003A0D30 /* UIKit.framework */,
				63886FF2155249AF003A0D30 /* Foundation.framework */,
				63886FF4155249AF003A0D30 /* CoreGraphics.framework */,
			);
			name = Frameworks;
			sourceTree = "<group>";
		};
		63886FF6155249AF003A0D30 /* Hello World */ = {
			isa = PBXGroup;
			children = (
				63886FFF155249AF003A0D30 /* Hello_WorldAppDelegate.h */,
				63887000155249AF003A0D30 /* Hello_WorldAppDelegate.m */,
				63887002155249AF003A0D30 /* MainStoryboard.storyboard */,
				63887005155249AF003A0D30 /* Hello_WorldViewController.h */,
				63887006155249AF003A0D30 /* Hello_WorldViewController.m */,
				63886FF7155249AF003A0D30 /* Supporting Files */,
			);
			path = "Hello World";
			sourceTree = "<group>";
		};
		63886FF7155249AF003A0D30 /* Supporting Files */ = {
			isa = PBXGroup;
			children = (
				63886FF8155249AF003A0D30 /* Hello World-Info.plist */,
				63886FF9155249AF003A0D30 /* InfoPlist.strings */,
				63886FFC155249AF003A0D30 /* main.m */,
				63886FFE155249AF003A0D30 /* Hello World-Prefix.pch */,
			);
			name = "Supporting Files";
			sourceTree = "<group>";
		};
/* End PBXGroup section */

/* Begin PBXNativeTarget section */
		63886FEB155249AE003A0D30 /* Hello World */ = {
			isa = PBXNativeTarget;
			buildConfigurationList = 6388700A155249AF003A0D30 /* Build configuration list for PBXNativeTarget "Hello World" */;
			buildPhases = (
				63886FE8155249AE003A0D30 /* Sources */,
				63886FE9155249AE003A0D30 /* Frameworks */,
				63886FEA155249AE003A0D30 /* Resources */,
			);
			buildRules = (
			);
			dependencies = (
			);
			name = "Hello World";
			productName = "Hello World";
			productReference = 63886FEC155249AF003A0D30 /* Hello World.app */;
			productType = "com.apple.product-type.application";
		};
/* End PBXNativeTarget section */

/* Begin PBXProject section */
		63886FE3155249AE003A0D30 /* Project object */ = {
			isa = PBXProject;
			attributes = {
				CLASSPREFIX = "Hello World";
				LastUpgradeCheck = 0430;
			};
			buildConfigurationList = 63886FE6155249AE003A0D30 /* Build configuration list for PBXProject "Hello World" */;
			compatibilityVersion = "Xcode 3.2";
			developmentRegion = English;
			hasScannedForEncodings = 0;
			knownRegions = (
				en,
			);
			mainGroup = 63886FE1155249AE003A0D30;
			productRefGroup = 63886FED155249AF003A0D30 /* Products */;
			projectDirPath = "";
			projectRoot = "";
			targets = (
				63886FEB155249AE003A0D30 /* Hello World */,
			);
		};
/* End PBXProject section */

/* Begin PBXResourcesBuildPhase section */
		63886FEA155249AE003A0D30 /* Resources */ = {
			isa = PBXResourcesBuildPhase;
			buildActionMask = 2147483647;
			files = (
				63886FFB155249AF003A0D30 /* InfoPlist.strings in Resources */,
				63887004155249AF003A0D30 /* MainStoryboard.storyboard in Resources */,
			);
			runOnlyForDeploymentPostprocessing = 0;
		};
/* End PBXResourcesBuildPhase section */

/* Begin PBXSourcesBuildPhase section */
		63886FE8155249AE003A0D30 /* Sources */ = {
			isa = PBXSourcesBuildPhase;
			buildActionMask = 2147483647;
			files = (
				63886FFD155249AF003A0D30 /* main.m in Sources */,
				63887001155249AF003A0D30 /* Hello_WorldAppDelegate.m in Sources */,
				63887007155249AF003A0D30 /* Hello_WorldViewController.m in Sources */,
			);
			runOnlyForDeploymentPostprocessing = 0;
		};
/* End PBXSourcesBuildPhase section */

/* Begin PBXVariantGroup section */
		63886FF9155249AF003A0D30 /* InfoPlist.strings */ = {
			isa = PBXVariantGroup;
			children = (
				63886FFA155249AF003A0D30 /* en */,
			);
			name = InfoPlist.strings;
			sourceTree = "<group>";
		};
		63887002155249AF003A0D30 /* MainStoryboard.storyboard */ = {
			isa = PBXVariantGroup;
			children = (
				63887003155249AF003A0D30 /* en */,
			);
			name = MainStoryboard.storyboard;
			sourceTree = "<group>";
		};
/* End PBXVariantGroup section */

/* Begin XCBuildConfiguration section */
		63887008155249AF003A0D30 /* Debug */ = {
			isa = XCBuildConfiguration;
			buildSettings = {
				ALWAYS_SEARCH_USER_PATHS = NO;
				ARCHS = "$(ARCHS_STANDARD_32_BIT)";
				CLANG_ENABLE_OBJC_ARC = YES;
				"CODE_SIGN_IDENTITY[sdk=iphoneos*]" = "iPhone Developer";
				COPY_PHASE_STRIP = NO;
				GCC_C_LANGUAGE_STANDARD = gnu99;
				GCC_DYNAMIC_NO_PIC = NO;
				GCC_OPTIMIZATION_LEVEL = 0;
				GCC_PREPROCESSOR_DEFINITIONS = (
					"DEBUG=1",
					"$(inherited)",
				);
				GCC_SYMBOLS_PRIVATE_EXTERN = NO;
				GCC_VERSION = com.apple.compilers.llvm.clang.1_0;
				GCC_WARN_ABOUT_RETURN_TYPE = YES;
				GCC_WARN_UNINITIALIZED_AUTOS = YES;
				GCC_WARN_UNUSED_VARIABLE = YES;
				IPHONEOS_DEPLOYMENT_TARGET = 5.1;
				SDKROOT = iphoneos;
			};
			name = Debug;
		};
		63887009155249AF003A0D30 /* Release */ = {
			isa = XCBuildConfiguration;
			buildSettings = {
				ALWAYS_SEARCH_USER_PATHS = NO;
				ARCHS = "$(ARCHS_STANDARD_32_BIT)";
				CLANG_ENABLE_OBJC_ARC = YES;
				"CODE_SIGN_IDENTITY[sdk=iphoneos*]" = "iPhone Developer";
				COPY_PHASE_STRIP = YES;
				GCC_C_LANGUAGE_STANDARD = gnu99;
				GCC_VERSION = com.apple.compilers.llvm.clang.1_0;
				GCC_WARN_ABOUT_RETURN_TYPE = YES;
				GCC_WARN_UNINITIALIZED_AUTOS = YES;
				GCC_WARN_UNUSED_VARIABLE = YES;
				IPHONEOS_DEPLOYMENT_TARGET = 5.1;
				OTHER_CFLAGS = "-DNS_BLOCK_ASSERTIONS=1";
				SDKROOT = iphoneos;
				VALIDATE_PRODUCT = YES;
			};
			name = Release;
		};
		6388700B155249AF003A0D30 /* Debug */ = {
			isa = XCBuildConfiguration;
			buildSettings = {
				GCC_PRECOMPILE_PREFIX_HEADER = YES;
				GCC_PREFIX_HEADER = "Hello World/Hello World-Prefix.pch";
				INFOPLIST_FILE = "Hello World/Hello World-Info.plist";
				PRODUCT_NAME = "$(TARGET_NAME)";
				WRAPPER_EXTENSION = app;
			};
			name = Debug;
		};
		6388700C155249AF003A0D30 /* Release */ = {
			isa = XCBuildConfiguration;
			buildSettings = {
				GCC_PRECOMPILE_PREFIX_HEADER = YES;
				GCC_PREFIX_HEADER = "Hello World/Hello World-Prefix.pch";
				INFOPLIST_FILE = "Hello World/Hello World-Info.plist";
				PRODUCT_NAME = "$(TARGET_NAME)";
				WRAPPER_EXTENSION = app;
			};
			name = Release;
		};
/* End XCBuildConfiguration section */

/* Begin XCConfigurationList section */
		63886FE6155249AE003A0D30 /* Build configuration list for PBXProject "Hello World" */ = {
			isa = XCConfigurationList;
			buildConfigurations = (
				63887008155249AF003A0D30 /* Debug */,
				63887009155249AF003A0D30 /* Release */,
			);
			defaultConfigurationIsVisible = 0;
			defaultConfigurationName = Release;
		};
		6388700A155249AF003A0D30 /* Build configuration list for PBXNativeTarget "Hello World" */ = {
			isa = XCConfigurationList;
			buildConfigurations = (
				6388700B155249AF003A0D30 /* Debug */,
				6388700C155249AF003A0D30 /* Release */,
			);
			defaultConfigurationIsVisible = 0;
		};
/* End XCConfigurationList section */
	};
	rootObject = 63886FE3155249AE003A0D30 /* Project object */;
}
